
Microsoft Visual Studio Solution File, Format Version 12.00
# Visual Studio Version 16
VisualStudioVersion = 16.0.31112.23
MinimumVisualStudioVersion = 10.0.40219.1
Project("{9A19103F-16F7-4668-BE54-9A1E7A4F7556}") = "NonogramGen", "NonogramGen.csproj", "{CC4C4FE9-0162-4185-9B80-43B779203D63}"
EndProject
Global
	GlobalSection(SolutionConfigurationPlatforms) = preSolution
		Debug|Any CPU = Debug|Any CPU
		Debug|x86 = Debug|x86
		Release|Any CPU = Release|Any CPU
		Release|x86 = Release|x86
	EndGlobalSection
	GlobalSection(ProjectConfigurationPlatforms) = postSolution
		{CC4C4FE9-0162-4185-9B80-43B779203D63}.Debug|Any CPU.ActiveCfg = Debug|Any CPU
		{CC4C4FE9-0162-4185-9B80-43B779203D63}.Debug|Any CPU.Build.0 = Debug|Any CPU
		{CC4C4FE9-0162-4185-9B80-43B779203D63}.Debug|x86.ActiveCfg = Debug|x86
		{CC4C4FE9-0162-4185-9B80-43B779203D63}.Debug|x86.Build.0 = Debug|x86
		{CC4C4FE9-0162-4185-9B80-43B779203D63}.Release|Any CPU.ActiveCfg = Release|Any CPU
		{CC4C4FE9-0162-4185-9B80-43B779203D63}.Release|Any CPU.Build.0 = Release|Any CPU
		{CC4C4FE9-0162-4185-9B80-43B779203D63}.Release|x86.ActiveCfg = Release|x86
		{CC4C4FE9-0162-4185-9B80-43B779203D63}.Release|x86.Build.0 = Release|x86
	EndGlobalSection
	GlobalSection(SolutionProperties) = preSolution
		HideSolutionNode = FALSE
	EndGlobalSection
	GlobalSection(ExtensibilityGlobals) = postSolution
		SolutionGuid = {76602AFB-4742-44C5-9FEF-E8E4A89F96EC}
	EndGlobalSection
EndGlobal
